<?xml version="1.0" encoding="utf-8"?>
<Project ToolsVersion="4.0" xmlns="http://schemas.microsoft.com/developer/msbuild/2003">
  <ItemGroup>
    <Filter Include="Source Files">
      <UniqueIdentifier>{4FC737F1-C7A5-4376-A066-2A32D752A2FF}</UniqueIdentifier>
      <Extensions>cpp;c;cc;cxx;c++;cppm;ixx;def;odl;idl;hpj;bat;asm;asmx</Extensions>
    </Filter>
    <Filter Include="Header Files">
      <UniqueIdentifier>{93995380-89BD-4b04-88EB-625FBE52EBFB}</UniqueIdentifier>
      <Extensions>h;hh;hpp;hxx;h++;hm;inl;inc;ipp;xsd</Extensions>
    </Filter>
    <Filter Include="Resource Files">
      <UniqueIdentifier>{67DA6AB6-F800-4c08-8B7A-83BB121AAD01}</UniqueIdentifier>
      <Extensions>rc;ico;cur;bmp;dlg;rc2;rct;bin;rgs;gif;jpg;jpeg;jpe;resx;tiff;tif;png;wav;mfcribbon-ms</Extensions>
    </Filter>
    <Filter Include="Header Files\Crafting">
      <UniqueIdentifier>{8c04b0a6-dfa5-4362-8bcd-7b758c3b1eb5}</UniqueIdentifier>
    </Filter>
    <Filter Include="Source Files\Crafting">
      <UniqueIdentifier>{45089398-0b04-4368-ab4b-f09193e2126d}</UniqueIdentifier>
    </Filter>
    <Filter Include="Source Files\Crafting\Craft Item">
      <UniqueIdentifier>{d22337b4-de3c-44a5-af3f-550c386a425a}</UniqueIdentifier>
    </Filter>
    <Filter Include="Source Files\Crafting\See Inventory">
      <UniqueIdentifier>{c729d528-3962-490b-8ff7-c029eb11fb67}</UniqueIdentifier>
    </Filter>
  </ItemGroup>
  <ItemGroup>
    <ClCompile Include="Source.cpp">
      <Filter>Source Files</Filter>
    </ClCompile>
    <ClCompile Include="Objects.h">
      <Filter>Source Files</Filter>
    </ClCompile>
    <ClCompile Include="Crafting.cpp">
      <Filter>Source Files\Crafting</Filter>
    </ClCompile>
    <ClCompile Include="StarterMenu.cpp">
      <Filter>Source Files\Crafting</Filter>
    </ClCompile>
    <ClCompile Include="craftItem.cpp">
      <Filter>Source Files\Crafting\Craft Item</Filter>
    </ClCompile>
    <ClCompile Include="item.cpp">
      <Filter>Source Files\Crafting</Filter>
    </ClCompile>
    <ClCompile Include="seeInventory.cpp">
      <Filter>Source Files\Crafting\See Inventory</Filter>
    </ClCompile>
    <ClCompile Include="By_Search.cpp">
      <Filter>Source Files\Crafting\See Inventory</Filter>
    </ClCompile>
    <ClCompile Include="By_Type.cpp">
      <Filter>Source Files\Crafting\See Inventory</Filter>
    </ClCompile>
    <ClCompile Include="FileIO.cpp">
      <Filter>Source Files</Filter>
    </ClCompile>
    <ClCompile Include="ErrorChecking.cpp">
      <Filter>Source Files</Filter>
    </ClCompile>
  </ItemGroup>
  <ItemGroup>
    <ClInclude Include="item.h">
      <Filter>Header Files\Crafting</Filter>
    </ClInclude>
    <ClInclude Include="inventory.h">
      <Filter>Header Files\Crafting</Filter>
    </ClInclude>
    <ClInclude Include="Crafting.h">
      <Filter>Header Files\Crafting</Filter>
    </ClInclude>
    <ClInclude Include="StarterMenu.h">
      <Filter>Header Files\Crafting</Filter>
    </ClInclude>
    <ClInclude Include="craftItem.h">
      <Filter>Header Files\Crafting</Filter>
    </ClInclude>
    <ClInclude Include="seeInventory.h">
      <Filter>Header Files\Crafting</Filter>
    </ClInclude>
    <ClInclude Include="FileIO.h">
      <Filter>Header Files</Filter>
    </ClInclude>
    <ClInclude Include="ErrorChecking.h">
      <Filter>Header Files\Crafting</Filter>
    </ClInclude>
  </ItemGroup>
</Project>